
Microsoft Visual Studio Solution File, Format Version 12.00
# Visual Studio Version 17
VisualStudioVersion = 17.14.36915.13 d17.14
MinimumVisualStudioVersion = 10.0.40219.1
Project("{2150E333-8FDC-42A3-9474-1A3956D46DE8}") = "Shared", "Shared", "{02EA681E-C7D8-13C7-8484-4AC65E1B71E8}"
EndProject
Project("{FAE04EC0-301F-11D3-BF4B-00C04F79EFBC}") = "Shared", "Shared\Shared.csproj", "{19BB6D15-1AE9-4C31-BDBD-6CDC2243F7E8}"
EndProject
Project("{2150E333-8FDC-42A3-9474-1A3956D46DE8}") = "01", "01", "{94A6982B-13AE-44B8-BDC7-25AD75A333E3}"
EndProject
Project("{FAE04EC0-301F-11D3-BF4B-00C04F79EFBC}") = "IsNumberOddOrNot", "IsNumberOddOrNot\IsNumberOddOrNot.csproj", "{F09A9611-05D1-4C3F-965D-19E33C32AE0E}"
EndProject
Project("{2150E333-8FDC-42A3-9474-1A3956D46DE8}") = "02", "02", "{4D9D6BAA-8183-4B3D-A8D0-FA122DFFCED1}"
EndProject
Project("{FAE04EC0-301F-11D3-BF4B-00C04F79EFBC}") = "TheGreathestNumber", "TheGreathestNumber\TheGreathestNumber.csproj", "{F5E83397-3E19-4659-9426-8B51FF473EE7}"
EndProject
Project("{2150E333-8FDC-42A3-9474-1A3956D46DE8}") = "03", "03", "{D9D8ABB1-B2EB-476E-AA5B-A07B374A615D}"
EndProject
Project("{FAE04EC0-301F-11D3-BF4B-00C04F79EFBC}") = "SortNumbers", "SortNumbers\SortNumbers.csproj", "{D4610766-BFCA-49A0-A0AA-BDC38FC7E948}"
EndProject
Project("{2150E333-8FDC-42A3-9474-1A3956D46DE8}") = "04", "04", "{F3A4AA5C-E0B2-4DB1-B257-B184690B2219}"
EndProject
Project("{FAE04EC0-301F-11D3-BF4B-00C04F79EFBC}") = "IsMultipleOfAnother", "IsMultipleOfAnother\IsMultipleOfAnother.csproj", "{277657D1-DDD3-4160-BF82-D7E52B34C74B}"
EndProject
Project("{2150E333-8FDC-42A3-9474-1A3956D46DE8}") = "05", "05", "{C34FFCB1-33B1-4E02-BE4D-74CC7D3DC967}"
EndProject
Project("{FAE04EC0-301F-11D3-BF4B-00C04F79EFBC}") = "IsLeapYear", "IsLeapYear\IsLeapYear.csproj", "{AD5B5D21-1A24-4A67-8075-E07CCE76FE4E}"
EndProject
Global
	GlobalSection(SolutionConfigurationPlatforms) = preSolution
		Debug|Any CPU = Debug|Any CPU
		Release|Any CPU = Release|Any CPU
	EndGlobalSection
	GlobalSection(ProjectConfigurationPlatforms) = postSolution
		{19BB6D15-1AE9-4C31-BDBD-6CDC2243F7E8}.Debug|Any CPU.ActiveCfg = Debug|Any CPU
		{19BB6D15-1AE9-4C31-BDBD-6CDC2243F7E8}.Debug|Any CPU.Build.0 = Debug|Any CPU
		{19BB6D15-1AE9-4C31-BDBD-6CDC2243F7E8}.Release|Any CPU.ActiveCfg = Release|Any CPU
		{19BB6D15-1AE9-4C31-BDBD-6CDC2243F7E8}.Release|Any CPU.Build.0 = Release|Any CPU
		{F09A9611-05D1-4C3F-965D-19E33C32AE0E}.Debug|Any CPU.ActiveCfg = Debug|Any CPU
		{F09A9611-05D1-4C3F-965D-19E33C32AE0E}.Debug|Any CPU.Build.0 = Debug|Any CPU
		{F09A9611-05D1-4C3F-965D-19E33C32AE0E}.Release|Any CPU.ActiveCfg = Release|Any CPU
		{F09A9611-05D1-4C3F-965D-19E33C32AE0E}.Release|Any CPU.Build.0 = Release|Any CPU
		{F5E83397-3E19-4659-9426-8B51FF473EE7}.Debug|Any CPU.ActiveCfg = Debug|Any CPU
		{F5E83397-3E19-4659-9426-8B51FF473EE7}.Debug|Any CPU.Build.0 = Debug|Any CPU
		{F5E83397-3E19-4659-9426-8B51FF473EE7}.Release|Any CPU.ActiveCfg = Release|Any CPU
		{F5E83397-3E19-4659-9426-8B51FF473EE7}.Release|Any CPU.Build.0 = Release|Any CPU
		{D4610766-BFCA-49A0-A0AA-BDC38FC7E948}.Debug|Any CPU.ActiveCfg = Debug|Any CPU
		{D4610766-BFCA-49A0-A0AA-BDC38FC7E948}.Debug|Any CPU.Build.0 = Debug|Any CPU
		{D4610766-BFCA-49A0-A0AA-BDC38FC7E948}.Release|Any CPU.ActiveCfg = Release|Any CPU
		{D4610766-BFCA-49A0-A0AA-BDC38FC7E948}.Release|Any CPU.Build.0 = Release|Any CPU
		{277657D1-DDD3-4160-BF82-D7E52B34C74B}.Debug|Any CPU.ActiveCfg = Debug|Any CPU
		{277657D1-DDD3-4160-BF82-D7E52B34C74B}.Debug|Any CPU.Build.0 = Debug|Any CPU
		{277657D1-DDD3-4160-BF82-D7E52B34C74B}.Release|Any CPU.ActiveCfg = Release|Any CPU
		{277657D1-DDD3-4160-BF82-D7E52B34C74B}.Release|Any CPU.Build.0 = Release|Any CPU
		{AD5B5D21-1A24-4A67-8075-E07CCE76FE4E}.Debug|Any CPU.ActiveCfg = Debug|Any CPU
		{AD5B5D21-1A24-4A67-8075-E07CCE76FE4E}.Debug|Any CPU.Build.0 = Debug|Any CPU
		{AD5B5D21-1A24-4A67-8075-E07CCE76FE4E}.Release|Any CPU.ActiveCfg = Release|Any CPU
		{AD5B5D21-1A24-4A67-8075-E07CCE76FE4E}.Release|Any CPU.Build.0 = Release|Any CPU
	EndGlobalSection
	GlobalSection(SolutionProperties) = preSolution
		HideSolutionNode = FALSE
	EndGlobalSection
	GlobalSection(NestedProjects) = preSolution
		{19BB6D15-1AE9-4C31-BDBD-6CDC2243F7E8} = {02EA681E-C7D8-13C7-8484-4AC65E1B71E8}
		{F09A9611-05D1-4C3F-965D-19E33C32AE0E} = {94A6982B-13AE-44B8-BDC7-25AD75A333E3}
		{F5E83397-3E19-4659-9426-8B51FF473EE7} = {4D9D6BAA-8183-4B3D-A8D0-FA122DFFCED1}
		{D4610766-BFCA-49A0-A0AA-BDC38FC7E948} = {D9D8ABB1-B2EB-476E-AA5B-A07B374A615D}
		{277657D1-DDD3-4160-BF82-D7E52B34C74B} = {F3A4AA5C-E0B2-4DB1-B257-B184690B2219}
		{AD5B5D21-1A24-4A67-8075-E07CCE76FE4E} = {C34FFCB1-33B1-4E02-BE4D-74CC7D3DC967}
	EndGlobalSection
	GlobalSection(ExtensibilityGlobals) = postSolution
		SolutionGuid = {F74EF75F-2FBD-4E2F-96E3-83B83E14B5B5}
	EndGlobalSection
EndGlobal
