
Microsoft Visual Studio Solution File, Format Version 12.00
# Visual Studio Version 17
VisualStudioVersion = 17.14.36915.13 d17.14
MinimumVisualStudioVersion = 10.0.40219.1
Project("{2150E333-8FDC-42A3-9474-1A3956D46DE8}") = "Shared", "Shared", "{02EA681E-C7D8-13C7-8484-4AC65E1B71E8}"
EndProject
Project("{FAE04EC0-301F-11D3-BF4B-00C04F79EFBC}") = "Shared", "Shared\Shared.csproj", "{19BB6D15-1AE9-4C31-BDBD-6CDC2243F7E8}"
EndProject
Project("{2150E333-8FDC-42A3-9474-1A3956D46DE8}") = "01", "01", "{94A6982B-13AE-44B8-BDC7-25AD75A333E3}"
EndProject
Project("{FAE04EC0-301F-11D3-BF4B-00C04F79EFBC}") = "IsNumberOddOrNot", "IsNumberOddOrNot\IsNumberOddOrNot.csproj", "{F09A9611-05D1-4C3F-965D-19E33C32AE0E}"
EndProject
Project("{2150E333-8FDC-42A3-9474-1A3956D46DE8}") = "02", "02", "{4D9D6BAA-8183-4B3D-A8D0-FA122DFFCED1}"
EndProject
Project("{FAE04EC0-301F-11D3-BF4B-00C04F79EFBC}") = "TheGreathestNumber", "TheGreathestNumber\TheGreathestNumber.csproj", "{F5E83397-3E19-4659-9426-8B51FF473EE7}"
EndProject
Project("{2150E333-8FDC-42A3-9474-1A3956D46DE8}") = "03", "03", "{D9D8ABB1-B2EB-476E-AA5B-A07B374A615D}"
EndProject
Project("{FAE04EC0-301F-11D3-BF4B-00C04F79EFBC}") = "SortNumbers", "SortNumbers\SortNumbers.csproj", "{D4610766-BFCA-49A0-A0AA-BDC38FC7E948}"
EndProject
Project("{2150E333-8FDC-42A3-9474-1A3956D46DE8}") = "04", "04", "{F3A4AA5C-E0B2-4DB1-B257-B184690B2219}"
EndProject
Project("{FAE04EC0-301F-11D3-BF4B-00C04F79EFBC}") = "IsMultipleOfAnother", "IsMultipleOfAnother\IsMultipleOfAnother.csproj", "{277657D1-DDD3-4160-BF82-D7E52B34C74B}"
EndProject
Project("{2150E333-8FDC-42A3-9474-1A3956D46DE8}") = "05", "05", "{C34FFCB1-33B1-4E02-BE4D-74CC7D3DC967}"
EndProject
Project("{FAE04EC0-301F-11D3-BF4B-00C04F79EFBC}") = "IsLeapYear", "IsLeapYear\IsLeapYear.csproj", "{AD5B5D21-1A24-4A67-8075-E07CCE76FE4E}"
EndProject
Project("{2150E333-8FDC-42A3-9474-1A3956D46DE8}") = "06", "06", "{4D79D05C-E5EB-4419-8A5B-18FCC99B0625}"
EndProject
Project("{FAE04EC0-301F-11D3-BF4B-00C04F79EFBC}") = "SimplePayroll", "SimplePayroll\SimplePayroll.csproj", "{12251A33-9D51-4B6C-B75F-B0A1F756D132}"
EndProject
Project("{2150E333-8FDC-42A3-9474-1A3956D46DE8}") = "07", "07", "{63515A51-CD58-49B2-BD41-619997A7432A}"
EndProject
Project("{FAE04EC0-301F-11D3-BF4B-00C04F79EFBC}") = "Discounts", "Discounts\Discounts.csproj", "{953796F7-6FC9-4EA2-9187-73D662B4CBE1}"
EndProject
Project("{2150E333-8FDC-42A3-9474-1A3956D46DE8}") = "08", "08", "{ECC8CB0F-1DB4-4F22-BBF2-B7C4BD862A0B}"
EndProject
Project("{2150E333-8FDC-42A3-9474-1A3956D46DE8}") = "09", "09", "{2BC619E0-9742-4CE9-8DC9-188C9A2BB4A1}"
EndProject
Project("{2150E333-8FDC-42A3-9474-1A3956D46DE8}") = "10", "10", "{2BD10BBF-BC14-40C1-A645-80D3605327B6}"
EndProject
Project("{2150E333-8FDC-42A3-9474-1A3956D46DE8}") = "11", "11", "{945D6D52-58A9-4185-BF9B-1567A85D68A7}"
EndProject
Project("{2150E333-8FDC-42A3-9474-1A3956D46DE8}") = "12", "12", "{C60E2856-8334-4C85-84DF-838D8AE98CA6}"
EndProject
Project("{2150E333-8FDC-42A3-9474-1A3956D46DE8}") = "13", "13", "{D43BE049-5878-4D9A-A5D3-00EA30FADC99}"
EndProject
Project("{2150E333-8FDC-42A3-9474-1A3956D46DE8}") = "14", "14", "{5F0F92AE-413D-41B3-A04B-CE70B94EA27F}"
EndProject
Project("{2150E333-8FDC-42A3-9474-1A3956D46DE8}") = "15", "15", "{360F7358-060F-4F2F-A007-D5248B3E42B2}"
EndProject
Project("{2150E333-8FDC-42A3-9474-1A3956D46DE8}") = "16", "16", "{05E26E9A-2A51-4118-952A-0F77BAA0F79C}"
EndProject
Project("{2150E333-8FDC-42A3-9474-1A3956D46DE8}") = "17", "17", "{A820C554-2B89-4933-8C43-2461F9B1387C}"
EndProject
Project("{2150E333-8FDC-42A3-9474-1A3956D46DE8}") = "18", "18", "{C38C6602-9F0A-4755-9A08-19CA3EC55BEE}"
EndProject
Project("{2150E333-8FDC-42A3-9474-1A3956D46DE8}") = "19", "19", "{E1ADA4F3-71A9-42E2-B3A1-26F89D58FE30}"
EndProject
Project("{2150E333-8FDC-42A3-9474-1A3956D46DE8}") = "20", "20", "{51BE81BF-705B-4103-8C6D-B4C6B7B4AA9C}"
EndProject
Project("{2150E333-8FDC-42A3-9474-1A3956D46DE8}") = "21", "21", "{9E37BA39-8605-41EE-8AA4-FA172465AE96}"
EndProject
Project("{2150E333-8FDC-42A3-9474-1A3956D46DE8}") = "22", "22", "{7B222368-03E8-48C2-9343-8380C768160B}"
EndProject
Project("{2150E333-8FDC-42A3-9474-1A3956D46DE8}") = "23", "23", "{0C111C01-9C72-4858-BF4B-4DFB4DE56D69}"
EndProject
Project("{2150E333-8FDC-42A3-9474-1A3956D46DE8}") = "24", "24", "{3457BBA6-A6E5-498E-9079-7D9BD5E50BFB}"
EndProject
Project("{2150E333-8FDC-42A3-9474-1A3956D46DE8}") = "25", "25", "{2C88454C-94B8-47E5-9DF8-439B5A8223F7}"
EndProject
Project("{2150E333-8FDC-42A3-9474-1A3956D46DE8}") = "26", "26", "{F5AD6F19-9DCF-47FA-A644-8B475893CBC8}"
EndProject
Project("{2150E333-8FDC-42A3-9474-1A3956D46DE8}") = "27", "27", "{7EF609D6-BB89-4983-928B-0414F036539C}"
EndProject
Project("{FAE04EC0-301F-11D3-BF4B-00C04F79EFBC}") = "RegistrationValue", "RegistrationValue\RegistrationValue.csproj", "{9BEBFAFD-C6E5-44BA-95C8-661A74EABAF8}"
EndProject
Project("{FAE04EC0-301F-11D3-BF4B-00C04F79EFBC}") = "Shipping", "Shipping\Shipping.csproj", "{25DC9072-089A-48CE-923D-745CCF91372F}"
EndProject
Global
	GlobalSection(SolutionConfigurationPlatforms) = preSolution
		Debug|Any CPU = Debug|Any CPU
		Release|Any CPU = Release|Any CPU
	EndGlobalSection
	GlobalSection(ProjectConfigurationPlatforms) = postSolution
		{19BB6D15-1AE9-4C31-BDBD-6CDC2243F7E8}.Debug|Any CPU.ActiveCfg = Debug|Any CPU
		{19BB6D15-1AE9-4C31-BDBD-6CDC2243F7E8}.Debug|Any CPU.Build.0 = Debug|Any CPU
		{19BB6D15-1AE9-4C31-BDBD-6CDC2243F7E8}.Release|Any CPU.ActiveCfg = Release|Any CPU
		{19BB6D15-1AE9-4C31-BDBD-6CDC2243F7E8}.Release|Any CPU.Build.0 = Release|Any CPU
		{F09A9611-05D1-4C3F-965D-19E33C32AE0E}.Debug|Any CPU.ActiveCfg = Debug|Any CPU
		{F09A9611-05D1-4C3F-965D-19E33C32AE0E}.Debug|Any CPU.Build.0 = Debug|Any CPU
		{F09A9611-05D1-4C3F-965D-19E33C32AE0E}.Release|Any CPU.ActiveCfg = Release|Any CPU
		{F09A9611-05D1-4C3F-965D-19E33C32AE0E}.Release|Any CPU.Build.0 = Release|Any CPU
		{F5E83397-3E19-4659-9426-8B51FF473EE7}.Debug|Any CPU.ActiveCfg = Debug|Any CPU
		{F5E83397-3E19-4659-9426-8B51FF473EE7}.Debug|Any CPU.Build.0 = Debug|Any CPU
		{F5E83397-3E19-4659-9426-8B51FF473EE7}.Release|Any CPU.ActiveCfg = Release|Any CPU
		{F5E83397-3E19-4659-9426-8B51FF473EE7}.Release|Any CPU.Build.0 = Release|Any CPU
		{D4610766-BFCA-49A0-A0AA-BDC38FC7E948}.Debug|Any CPU.ActiveCfg = Debug|Any CPU
		{D4610766-BFCA-49A0-A0AA-BDC38FC7E948}.Debug|Any CPU.Build.0 = Debug|Any CPU
		{D4610766-BFCA-49A0-A0AA-BDC38FC7E948}.Release|Any CPU.ActiveCfg = Release|Any CPU
		{D4610766-BFCA-49A0-A0AA-BDC38FC7E948}.Release|Any CPU.Build.0 = Release|Any CPU
		{277657D1-DDD3-4160-BF82-D7E52B34C74B}.Debug|Any CPU.ActiveCfg = Debug|Any CPU
		{277657D1-DDD3-4160-BF82-D7E52B34C74B}.Debug|Any CPU.Build.0 = Debug|Any CPU
		{277657D1-DDD3-4160-BF82-D7E52B34C74B}.Release|Any CPU.ActiveCfg = Release|Any CPU
		{277657D1-DDD3-4160-BF82-D7E52B34C74B}.Release|Any CPU.Build.0 = Release|Any CPU
		{AD5B5D21-1A24-4A67-8075-E07CCE76FE4E}.Debug|Any CPU.ActiveCfg = Debug|Any CPU
		{AD5B5D21-1A24-4A67-8075-E07CCE76FE4E}.Debug|Any CPU.Build.0 = Debug|Any CPU
		{AD5B5D21-1A24-4A67-8075-E07CCE76FE4E}.Release|Any CPU.ActiveCfg = Release|Any CPU
		{AD5B5D21-1A24-4A67-8075-E07CCE76FE4E}.Release|Any CPU.Build.0 = Release|Any CPU
		{12251A33-9D51-4B6C-B75F-B0A1F756D132}.Debug|Any CPU.ActiveCfg = Debug|Any CPU
		{12251A33-9D51-4B6C-B75F-B0A1F756D132}.Debug|Any CPU.Build.0 = Debug|Any CPU
		{12251A33-9D51-4B6C-B75F-B0A1F756D132}.Release|Any CPU.ActiveCfg = Release|Any CPU
		{12251A33-9D51-4B6C-B75F-B0A1F756D132}.Release|Any CPU.Build.0 = Release|Any CPU
		{953796F7-6FC9-4EA2-9187-73D662B4CBE1}.Debug|Any CPU.ActiveCfg = Debug|Any CPU
		{953796F7-6FC9-4EA2-9187-73D662B4CBE1}.Debug|Any CPU.Build.0 = Debug|Any CPU
		{953796F7-6FC9-4EA2-9187-73D662B4CBE1}.Release|Any CPU.ActiveCfg = Release|Any CPU
		{953796F7-6FC9-4EA2-9187-73D662B4CBE1}.Release|Any CPU.Build.0 = Release|Any CPU
		{9BEBFAFD-C6E5-44BA-95C8-661A74EABAF8}.Debug|Any CPU.ActiveCfg = Debug|Any CPU
		{9BEBFAFD-C6E5-44BA-95C8-661A74EABAF8}.Debug|Any CPU.Build.0 = Debug|Any CPU
		{9BEBFAFD-C6E5-44BA-95C8-661A74EABAF8}.Release|Any CPU.ActiveCfg = Release|Any CPU
		{9BEBFAFD-C6E5-44BA-95C8-661A74EABAF8}.Release|Any CPU.Build.0 = Release|Any CPU
		{25DC9072-089A-48CE-923D-745CCF91372F}.Debug|Any CPU.ActiveCfg = Debug|Any CPU
		{25DC9072-089A-48CE-923D-745CCF91372F}.Debug|Any CPU.Build.0 = Debug|Any CPU
		{25DC9072-089A-48CE-923D-745CCF91372F}.Release|Any CPU.ActiveCfg = Release|Any CPU
		{25DC9072-089A-48CE-923D-745CCF91372F}.Release|Any CPU.Build.0 = Release|Any CPU
	EndGlobalSection
	GlobalSection(SolutionProperties) = preSolution
		HideSolutionNode = FALSE
	EndGlobalSection
	GlobalSection(NestedProjects) = preSolution
		{19BB6D15-1AE9-4C31-BDBD-6CDC2243F7E8} = {02EA681E-C7D8-13C7-8484-4AC65E1B71E8}
		{F09A9611-05D1-4C3F-965D-19E33C32AE0E} = {94A6982B-13AE-44B8-BDC7-25AD75A333E3}
		{F5E83397-3E19-4659-9426-8B51FF473EE7} = {4D9D6BAA-8183-4B3D-A8D0-FA122DFFCED1}
		{D4610766-BFCA-49A0-A0AA-BDC38FC7E948} = {D9D8ABB1-B2EB-476E-AA5B-A07B374A615D}
		{277657D1-DDD3-4160-BF82-D7E52B34C74B} = {F3A4AA5C-E0B2-4DB1-B257-B184690B2219}
		{AD5B5D21-1A24-4A67-8075-E07CCE76FE4E} = {C34FFCB1-33B1-4E02-BE4D-74CC7D3DC967}
		{12251A33-9D51-4B6C-B75F-B0A1F756D132} = {4D79D05C-E5EB-4419-8A5B-18FCC99B0625}
		{953796F7-6FC9-4EA2-9187-73D662B4CBE1} = {63515A51-CD58-49B2-BD41-619997A7432A}
		{9BEBFAFD-C6E5-44BA-95C8-661A74EABAF8} = {ECC8CB0F-1DB4-4F22-BBF2-B7C4BD862A0B}
		{25DC9072-089A-48CE-923D-745CCF91372F} = {2BC619E0-9742-4CE9-8DC9-188C9A2BB4A1}
	EndGlobalSection
	GlobalSection(ExtensibilityGlobals) = postSolution
		SolutionGuid = {F74EF75F-2FBD-4E2F-96E3-83B83E14B5B5}
	EndGlobalSection
EndGlobal
